
Microsoft Visual Studio Solution File, Format Version 12.00
# Visual Studio 15
VisualStudioVersion = 15.0.27004.2005
MinimumVisualStudioVersion = 10.0.40219.1
Project("{9A19103F-16F7-4668-BE54-9A1E7A4F7556}") = "FunBrainConsole", "FunBrainConsole\FunBrainConsole.csproj", "{EF1670C1-A4B5-4D89-9E69-D5D1B731CF29}"
EndProject
Project("{9A19103F-16F7-4668-BE54-9A1E7A4F7556}") = "FunBrainDomain", "FunBrainDomain\FunBrainDomain.csproj", "{AE7986F6-8B53-4133-B872-BE0E47B5C408}"
EndProject
Project("{9A19103F-16F7-4668-BE54-9A1E7A4F7556}") = "FunBrainInfrastructure", "FunBrainInfrastructure\FunBrainInfrastructure.csproj", "{6C9426FF-24A3-4137-BFB7-0CA376F672F7}"
EndProject
Project("{9A19103F-16F7-4668-BE54-9A1E7A4F7556}") = "Test", "Test\Test.csproj", "{F8EC6C3F-E761-4200-8157-6F7A3B7ED915}"
EndProject
Project("{9A19103F-16F7-4668-BE54-9A1E7A4F7556}") = "FunBrainApi", "FunBrainApi\FunBrainApi.csproj", "{9180FB9E-9C5A-4776-9C66-CFC01B895BF4}"
EndProject
Project("{FAE04EC0-301F-11D3-BF4B-00C04F79EFBC}") = "FunBrainEFPersistence", "FunBrainEFPersistence\FunBrainEFPersistence.csproj", "{493EE95E-1026-4120-BAC1-975649796988}"
EndProject
Global
	GlobalSection(SolutionConfigurationPlatforms) = preSolution
		Debug|Any CPU = Debug|Any CPU
		Release|Any CPU = Release|Any CPU
	EndGlobalSection
	GlobalSection(ProjectConfigurationPlatforms) = postSolution
		{EF1670C1-A4B5-4D89-9E69-D5D1B731CF29}.Debug|Any CPU.ActiveCfg = Debug|Any CPU
		{EF1670C1-A4B5-4D89-9E69-D5D1B731CF29}.Debug|Any CPU.Build.0 = Debug|Any CPU
		{EF1670C1-A4B5-4D89-9E69-D5D1B731CF29}.Release|Any CPU.ActiveCfg = Release|Any CPU
		{EF1670C1-A4B5-4D89-9E69-D5D1B731CF29}.Release|Any CPU.Build.0 = Release|Any CPU
		{AE7986F6-8B53-4133-B872-BE0E47B5C408}.Debug|Any CPU.ActiveCfg = Debug|Any CPU
		{AE7986F6-8B53-4133-B872-BE0E47B5C408}.Debug|Any CPU.Build.0 = Debug|Any CPU
		{AE7986F6-8B53-4133-B872-BE0E47B5C408}.Release|Any CPU.ActiveCfg = Release|Any CPU
		{AE7986F6-8B53-4133-B872-BE0E47B5C408}.Release|Any CPU.Build.0 = Release|Any CPU
		{6C9426FF-24A3-4137-BFB7-0CA376F672F7}.Debug|Any CPU.ActiveCfg = Debug|Any CPU
		{6C9426FF-24A3-4137-BFB7-0CA376F672F7}.Debug|Any CPU.Build.0 = Debug|Any CPU
		{6C9426FF-24A3-4137-BFB7-0CA376F672F7}.Release|Any CPU.ActiveCfg = Release|Any CPU
		{6C9426FF-24A3-4137-BFB7-0CA376F672F7}.Release|Any CPU.Build.0 = Release|Any CPU
		{F8EC6C3F-E761-4200-8157-6F7A3B7ED915}.Debug|Any CPU.ActiveCfg = Debug|Any CPU
		{F8EC6C3F-E761-4200-8157-6F7A3B7ED915}.Debug|Any CPU.Build.0 = Debug|Any CPU
		{F8EC6C3F-E761-4200-8157-6F7A3B7ED915}.Release|Any CPU.ActiveCfg = Release|Any CPU
		{F8EC6C3F-E761-4200-8157-6F7A3B7ED915}.Release|Any CPU.Build.0 = Release|Any CPU
		{9180FB9E-9C5A-4776-9C66-CFC01B895BF4}.Debug|Any CPU.ActiveCfg = Debug|Any CPU
		{9180FB9E-9C5A-4776-9C66-CFC01B895BF4}.Debug|Any CPU.Build.0 = Debug|Any CPU
		{9180FB9E-9C5A-4776-9C66-CFC01B895BF4}.Release|Any CPU.ActiveCfg = Release|Any CPU
		{9180FB9E-9C5A-4776-9C66-CFC01B895BF4}.Release|Any CPU.Build.0 = Release|Any CPU
		{493EE95E-1026-4120-BAC1-975649796988}.Debug|Any CPU.ActiveCfg = Debug|Any CPU
		{493EE95E-1026-4120-BAC1-975649796988}.Debug|Any CPU.Build.0 = Debug|Any CPU
		{493EE95E-1026-4120-BAC1-975649796988}.Release|Any CPU.ActiveCfg = Release|Any CPU
		{493EE95E-1026-4120-BAC1-975649796988}.Release|Any CPU.Build.0 = Release|Any CPU
	EndGlobalSection
	GlobalSection(SolutionProperties) = preSolution
		HideSolutionNode = FALSE
	EndGlobalSection
	GlobalSection(ExtensibilityGlobals) = postSolution
		SolutionGuid = {C3D39A81-ABF9-4B18-8D97-04705CC9C9D5}
	EndGlobalSection
EndGlobal
